
Microsoft Visual Studio Solution File, Format Version 12.00
# Visual Studio Version 17
VisualStudioVersion = 17.14.36623.8 d17.14
MinimumVisualStudioVersion = 10.0.40219.1
Project("{FAE04EC0-301F-11D3-BF4B-00C04F79EFBC}") = "TamagotchiLite_AMM_SBO_ESIG1", "TamagotchiLite_AMM_SBO_ESIG1.csproj", "{D92D386E-5536-4B15-83B9-76B8163083B0}"
EndProject
Global
	GlobalSection(SolutionConfigurationPlatforms) = preSolution
		Debug|Any CPU = Debug|Any CPU
		Release|Any CPU = Release|Any CPU
	EndGlobalSection
	GlobalSection(ProjectConfigurationPlatforms) = postSolution
		{D92D386E-5536-4B15-83B9-76B8163083B0}.Debug|Any CPU.ActiveCfg = Debug|Any CPU
		{D92D386E-5536-4B15-83B9-76B8163083B0}.Debug|Any CPU.Build.0 = Debug|Any CPU
		{D92D386E-5536-4B15-83B9-76B8163083B0}.Release|Any CPU.ActiveCfg = Release|Any CPU
		{D92D386E-5536-4B15-83B9-76B8163083B0}.Release|Any CPU.Build.0 = Release|Any CPU
	EndGlobalSection
	GlobalSection(SolutionProperties) = preSolution
		HideSolutionNode = FALSE
	EndGlobalSection
	GlobalSection(ExtensibilityGlobals) = postSolution
		SolutionGuid = {2BA43A43-5755-4CD3-9CA7-5D5A1ED795A0}
	EndGlobalSection
EndGlobal
